// !$*UTF8*$!
{
	archiveVersion = 1;
	classes = {
	};
	objectVersion = 46;
	objects = {

/* Begin PBXBuildFile section */
		845DEB441D3D638000B62AD8 /* AppDelegate.swift in Sources */ = {isa = PBXBuildFile; fileRef = 845DEB431D3D638000B62AD8 /* AppDelegate.swift */; };
		845DEB461D3D638000B62AD8 /* ViewController.swift in Sources */ = {isa = PBXBuildFile; fileRef = 845DEB451D3D638000B62AD8 /* ViewController.swift */; };
		845DEB491D3D638000B62AD8 /* Main.storyboard in Resources */ = {isa = PBXBuildFile; fileRef = 845DEB471D3D638000B62AD8 /* Main.storyboard */; };
		845DEB4B1D3D638000B62AD8 /* Assets.xcassets in Resources */ = {isa = PBXBuildFile; fileRef = 845DEB4A1D3D638000B62AD8 /* Assets.xcassets */; };
		845DEB4E1D3D638000B62AD8 /* LaunchScreen.storyboard in Resources */ = {isa = PBXBuildFile; fileRef = 845DEB4C1D3D638000B62AD8 /* LaunchScreen.storyboard */; };
		845DEB591D3D638000B62AD8 /* GitExampleTests.swift in Sources */ = {isa = PBXBuildFile; fileRef = 845DEB581D3D638000B62AD8 /* GitExampleTests.swift */; };
		845DEB641D3D638000B62AD8 /* GitExampleUITests.swift in Sources */ = {isa = PBXBuildFile; fileRef = 845DEB631D3D638000B62AD8 /* GitExampleUITests.swift */; };
/* End PBXBuildFile section */

/* Begin PBXContainerItemProxy section */
		845DEB551D3D638000B62AD8 /* PBXContainerItemProxy */ = {
			isa = PBXContainerItemProxy;
			containerPortal = 845DEB381D3D637F00B62AD8 /* Project object */;
			proxyType = 1;
			remoteGlobalIDString = 845DEB3F1D3D638000B62AD8;
			remoteInfo = GitExample;
		};
		845DEB601D3D638000B62AD8 /* PBXContainerItemProxy */ = {
			isa = PBXContainerItemProxy;
			containerPortal = 845DEB381D3D637F00B62AD8 /* Project object */;
			proxyType = 1;
			remoteGlobalIDString = 845DEB3F1D3D638000B62AD8;
			remoteInfo = GitExample;
		};
/* End PBXContainerItemProxy section */

/* Begin PBXFileReference section */
		845DEB401D3D638000B62AD8 /* GitExample.app */ = {isa = PBXFileReference; explicitFileType = wrapper.application; includeInIndex = 0; path = GitExample.app; sourceTree = BUILT_PRODUCTS_DIR; };
		845DEB431D3D638000B62AD8 /* AppDelegate.swift */ = {isa = PBXFileReference; lastKnownFileType = sourcecode.swift; path = AppDelegate.swift; sourceTree = "<group>"; };
		845DEB451D3D638000B62AD8 /* ViewController.swift */ = {isa = PBXFileReference; lastKnownFileType = sourcecode.swift; path = ViewController.swift; sourceTree = "<group>"; };
		845DEB481D3D638000B62AD8 /* Base */ = {isa = PBXFileReference; lastKnownFileType = file.storyboard; name = Base; path = Base.lproj/Main.storyboard; sourceTree = "<group>"; };
		845DEB4A1D3D638000B62AD8 /* Assets.xcassets */ = {isa = PBXFileReference; lastKnownFileType = folder.assetcatalog; path = Assets.xcassets; sourceTree = "<group>"; };
		845DEB4D1D3D638000B62AD8 /* Base */ = {isa = PBXFileReference; lastKnownFileType = file.storyboard; name = Base; path = Base.lproj/LaunchScreen.storyboard; sourceTree = "<group>"; };
		845DEB4F1D3D638000B62AD8 /* Info.plist */ = {isa = PBXFileReference; lastKnownFileType = text.plist.xml; path = Info.plist; sourceTree = "<group>"; };
		845DEB541D3D638000B62AD8 /* GitExampleTests.xctest */ = {isa = PBXFileReference; explicitFileType = wrapper.cfbundle; includeInIndex = 0; path = GitExampleTests.xctest; sourceTree = BUILT_PRODUCTS_DIR; };
		845DEB581D3D638000B62AD8 /* GitExampleTests.swift */ = {isa = PBXFileReference; lastKnownFileType = sourcecode.swift; path = GitExampleTests.swift; sourceTree = "<group>"; };
		845DEB5A1D3D638000B62AD8 /* Info.plist */ = {isa = PBXFileReference; lastKnownFileType = text.plist.xml; path = Info.plist; sourceTree = "<group>"; };
		845DEB5F1D3D638000B62AD8 /* GitExampleUITests.xctest */ = {isa = PBXFileReference; explicitFileType = wrapper.cfbundle; includeInIndex = 0; path = GitExampleUITests.xctest; sourceTree = BUILT_PRODUCTS_DIR; };
		845DEB631D3D638000B62AD8 /* GitExampleUITests.swift */ = {isa = PBXFileReference; lastKnownFileType = sourcecode.swift; path = GitExampleUITests.swift; sourceTree = "<group>"; };
		845DEB651D3D638000B62AD8 /* Info.plist */ = {isa = PBXFileReference; lastKnownFileType = text.plist.xml; path = Info.plist; sourceTree = "<group>"; };
/* End PBXFileReference section */

/* Begin PBXFrameworksBuildPhase section */
		845DEB3D1D3D638000B62AD8 /* Frameworks */ = {
			isa = PBXFrameworksBuildPhase;
			buildActionMask = 2147483647;
			files = (
			);
			runOnlyForDeploymentPostprocessing = 0;
		};
		845DEB511D3D638000B62AD8 /* Frameworks */ = {
			isa = PBXFrameworksBuildPhase;
			buildActionMask = 2147483647;
			files = (
			);
			runOnlyForDeploymentPostprocessing = 0;
		};
		845DEB5C1D3D638000B62AD8 /* Frameworks */ = {
			isa = PBXFrameworksBuildPhase;
			buildActionMask = 2147483647;
			files = (
			);
			runOnlyForDeploymentPostprocessing = 0;
		};
/* End PBXFrameworksBuildPhase section */

/* Begin PBXGroup section */
		845DEB371D3D637F00B62AD8 = {
			isa = PBXGroup;
			children = (
				845DEB421D3D638000B62AD8 /* GitExample */,
				845DEB571D3D638000B62AD8 /* GitExampleTests */,
				845DEB621D3D638000B62AD8 /* GitExampleUITests */,
				845DEB411D3D638000B62AD8 /* Products */,
			);
			sourceTree = "<group>";
		};
		845DEB411D3D638000B62AD8 /* Products */ = {
			isa = PBXGroup;
			children = (
				845DEB401D3D638000B62AD8 /* GitExample.app */,
				845DEB541D3D638000B62AD8 /* GitExampleTests.xctest */,
				845DEB5F1D3D638000B62AD8 /* GitExampleUITests.xctest */,
			);
			name = Products;
			sourceTree = "<group>";
		};
		845DEB421D3D638000B62AD8 /* GitExample */ = {
			isa = PBXGroup;
			children = (
				845DEB431D3D638000B62AD8 /* AppDelegate.swift */,
				845DEB451D3D638000B62AD8 /* ViewController.swift */,
				845DEB471D3D638000B62AD8 /* Main.storyboard */,
				845DEB4A1D3D638000B62AD8 /* Assets.xcassets */,
				845DEB4C1D3D638000B62AD8 /* LaunchScreen.storyboard */,
				845DEB4F1D3D638000B62AD8 /* Info.plist */,
			);
			path = GitExample;
			sourceTree = "<group>";
		};
		845DEB571D3D638000B62AD8 /* GitExampleTests */ = {
			isa = PBXGroup;
			children = (
				845DEB581D3D638000B62AD8 /* GitExampleTests.swift */,
				845DEB5A1D3D638000B62AD8 /* Info.plist */,
			);
			path = GitExampleTests;
			sourceTree = "<group>";
		};
		845DEB621D3D638000B62AD8 /* GitExampleUITests */ = {
			isa = PBXGroup;
			children = (
				845DEB631D3D638000B62AD8 /* GitExampleUITests.swift */,
				845DEB651D3D638000B62AD8 /* Info.plist */,
			);
			path = GitExampleUITests;
			sourceTree = "<group>";
		};
/* End PBXGroup section */

/* Begin PBXNativeTarget section */
		845DEB3F1D3D638000B62AD8 /* GitExample */ = {
			isa = PBXNativeTarget;
			buildConfigurationList = 845DEB681D3D638000B62AD8 /* Build configuration list for PBXNativeTarget "GitExample" */;
			buildPhases = (
				845DEB3C1D3D638000B62AD8 /* Sources */,
				845DEB3D1D3D638000B62AD8 /* Frameworks */,
				845DEB3E1D3D638000B62AD8 /* Resources */,
			);
			buildRules = (
			);
			dependencies = (
			);
			name = GitExample;
			productName = GitExample;
			productReference = 845DEB401D3D638000B62AD8 /* GitExample.app */;
			productType = "com.apple.product-type.application";
		};
		845DEB531D3D638000B62AD8 /* GitExampleTests */ = {
			isa = PBXNativeTarget;
			buildConfigurationList = 845DEB6B1D3D638000B62AD8 /* Build configuration list for PBXNativeTarget "GitExampleTests" */;
			buildPhases = (
				845DEB501D3D638000B62AD8 /* Sources */,
				845DEB511D3D638000B62AD8 /* Frameworks */,
				845DEB521D3D638000B62AD8 /* Resources */,
			);
			buildRules = (
			);
			dependencies = (
				845DEB561D3D638000B62AD8 /* PBXTargetDependency */,
			);
			name = GitExampleTests;
			productName = GitExampleTests;
			productReference = 845DEB541D3D638000B62AD8 /* GitExampleTests.xctest */;
			productType = "com.apple.product-type.bundle.unit-test";
		};
		845DEB5E1D3D638000B62AD8 /* GitExampleUITests */ = {
			isa = PBXNativeTarget;
			buildConfigurationList = 845DEB6E1D3D638000B62AD8 /* Build configuration list for PBXNativeTarget "GitExampleUITests" */;
			buildPhases = (
				845DEB5B1D3D638000B62AD8 /* Sources */,
				845DEB5C1D3D638000B62AD8 /* Frameworks */,
				845DEB5D1D3D638000B62AD8 /* Resources */,
			);
			buildRules = (
			);
			dependencies = (
				845DEB611D3D638000B62AD8 /* PBXTargetDependency */,
			);
			name = GitExampleUITests;
			productName = GitExampleUITests;
			productReference = 845DEB5F1D3D638000B62AD8 /* GitExampleUITests.xctest */;
			productType = "com.apple.product-type.bundle.ui-testing";
		};
/* End PBXNativeTarget section */

/* Begin PBXProject section */
		845DEB381D3D637F00B62AD8 /* Project object */ = {
			isa = PBXProject;
			attributes = {
				LastSwiftUpdateCheck = 0730;
				LastUpgradeCheck = 0730;
				ORGANIZATIONNAME = "Jodie Ellis";
				TargetAttributes = {
					845DEB3F1D3D638000B62AD8 = {
						CreatedOnToolsVersion = 7.3.1;
					};
					845DEB531D3D638000B62AD8 = {
						CreatedOnToolsVersion = 7.3.1;
						TestTargetID = 845DEB3F1D3D638000B62AD8;
					};
					845DEB5E1D3D638000B62AD8 = {
						CreatedOnToolsVersion = 7.3.1;
						TestTargetID = 845DEB3F1D3D638000B62AD8;
					};
				};
			};
			buildConfigurationList = 845DEB3B1D3D637F00B62AD8 /* Build configuration list for PBXProject "GitExample" */;
			compatibilityVersion = "Xcode 3.2";
			developmentRegion = English;
			hasScannedForEncodings = 0;
			knownRegions = (
				en,
				Base,
			);
			mainGroup = 845DEB371D3D637F00B62AD8;
			productRefGroup = 845DEB411D3D638000B62AD8 /* Products */;
			projectDirPath = "";
			projectRoot = "";
			targets = (
				845DEB3F1D3D638000B62AD8 /* GitExample */,
				845DEB531D3D638000B62AD8 /* GitExampleTests */,
				845DEB5E1D3D638000B62AD8 /* GitExampleUITests */,
			);
		};
/* End PBXProject section */

/* Begin PBXResourcesBuildPhase section */
		845DEB3E1D3D638000B62AD8 /* Resources */ = {
			isa = PBXResourcesBuildPhase;
			buildActionMask = 2147483647;
			files = (
				845DEB4E1D3D638000B62AD8 /* LaunchScreen.storyboard in Resources */,
				845DEB4B1D3D638000B62AD8 /* Assets.xcassets in Resources */,
				845DEB491D3D638000B62AD8 /* Main.storyboard in Resources */,
			);
			runOnlyForDeploymentPostprocessing = 0;
		};
		845DEB521D3D638000B62AD8 /* Resources */ = {
			isa = PBXResourcesBuildPhase;
			buildActionMask = 2147483647;
			files = (
			);
			runOnlyForDeploymentPostprocessing = 0;
		};
		845DEB5D1D3D638000B62AD8 /* Resources */ = {
			isa = PBXResourcesBuildPhase;
			buildActionMask = 2147483647;
			files = (
			);
			runOnlyForDeploymentPostprocessing = 0;
		};
/* End PBXResourcesBuildPhase section */

/* Begin PBXSourcesBuildPhase section */
		845DEB3C1D3D638000B62AD8 /* Sources */ = {
			isa = PBXSourcesBuildPhase;
			buildActionMask = 2147483647;
			files = (
				845DEB461D3D638000B62AD8 /* ViewController.swift in Sources */,
				845DEB441D3D638000B62AD8 /* AppDelegate.swift in Sources */,
			);
			runOnlyForDeploymentPostprocessing = 0;
		};
		845DEB501D3D638000B62AD8 /* Sources */ = {
			isa = PBXSourcesBuildPhase;
			buildActionMask = 2147483647;
			files = (
				845DEB591D3D638000B62AD8 /* GitExampleTests.swift in Sources */,
			);
			runOnlyForDeploymentPostprocessing = 0;
		};
		845DEB5B1D3D638000B62AD8 /* Sources */ = {
			isa = PBXSourcesBuildPhase;
			buildActionMask = 2147483647;
			files = (
				845DEB641D3D638000B62AD8 /* GitExampleUITests.swift in Sources */,
			);
			runOnlyForDeploymentPostprocessing = 0;
		};
/* End PBXSourcesBuildPhase section */

/* Begin PBXTargetDependency section */
		845DEB561D3D638000B62AD8 /* PBXTargetDependency */ = {
			isa = PBXTargetDependency;
			target = 845DEB3F1D3D638000B62AD8 /* GitExample */;
			targetProxy = 845DEB551D3D638000B62AD8 /* PBXContainerItemProxy */;
		};
		845DEB611D3D638000B62AD8 /* PBXTargetDependency */ = {
			isa = PBXTargetDependency;
			target = 845DEB3F1D3D638000B62AD8 /* GitExample */;
			targetProxy = 845DEB601D3D638000B62AD8 /* PBXContainerItemProxy */;
		};
/* End PBXTargetDependency section */

/* Begin PBXVariantGroup section */
		845DEB471D3D638000B62AD8 /* Main.storyboard */ = {
			isa = PBXVariantGroup;
			children = (
				845DEB481D3D638000B62AD8 /* Base */,
			);
			name = Main.storyboard;
			sourceTree = "<group>";
		};
		845DEB4C1D3D638000B62AD8 /* LaunchScreen.storyboard */ = {
			isa = PBXVariantGroup;
			children = (
				845DEB4D1D3D638000B62AD8 /* Base */,
			);
			name = LaunchScreen.storyboard;
			sourceTree = "<group>";
		};
/* End PBXVariantGroup section */

/* Begin XCBuildConfiguration section */
		845DEB661D3D638000B62AD8 /* Debug */ = {
			isa = XCBuildConfiguration;
			buildSettings = {
				ALWAYS_SEARCH_USER_PATHS = NO;
				CLANG_ANALYZER_NONNULL = YES;
				CLANG_CXX_LANGUAGE_STANDARD = "gnu++0x";
				CLANG_CXX_LIBRARY = "libc++";
				CLANG_ENABLE_MODULES = YES;
				CLANG_ENABLE_OBJC_ARC = YES;
				CLANG_WARN_BOOL_CONVERSION = YES;
				CLANG_WARN_CONSTANT_CONVERSION = YES;
				CLANG_WARN_DIRECT_OBJC_ISA_USAGE = YES_ERROR;
				CLANG_WARN_EMPTY_BODY = YES;
				CLANG_WARN_ENUM_CONVERSION = YES;
				CLANG_WARN_INT_CONVERSION = YES;
				CLANG_WARN_OBJC_ROOT_CLASS = YES_ERROR;
				CLANG_WARN_UNREACHABLE_CODE = YES;
				CLANG_WARN__DUPLICATE_METHOD_MATCH = YES;
				"CODE_SIGN_IDENTITY[sdk=iphoneos*]" = "iPhone Developer";
				COPY_PHASE_STRIP = NO;
				DEBUG_INFORMATION_FORMAT = dwarf;
				ENABLE_STRICT_OBJC_MSGSEND = YES;
				ENABLE_TESTABILITY = YES;
				GCC_C_LANGUAGE_STANDARD = gnu99;
				GCC_DYNAMIC_NO_PIC = NO;
				GCC_NO_COMMON_BLOCKS = YES;
				GCC_OPTIMIZATION_LEVEL = 0;
				GCC_PREPROCESSOR_DEFINITIONS = (
					"DEBUG=1",
					"$(inherited)",
				);
				GCC_WARN_64_TO_32_BIT_CONVERSION = YES;
				GCC_WARN_ABOUT_RETURN_TYPE = YES_ERROR;
				GCC_WARN_UNDECLARED_SELECTOR = YES;
				GCC_WARN_UNINITIALIZED_AUTOS = YES_AGGRESSIVE;
				GCC_WARN_UNUSED_FUNCTION = YES;
				GCC_WARN_UNUSED_VARIABLE = YES;
				IPHONEOS_DEPLOYMENT_TARGET = 9.3;
				MTL_ENABLE_DEBUG_INFO = YES;
				ONLY_ACTIVE_ARCH = YES;
				SDKROOT = iphoneos;
				SWIFT_OPTIMIZATION_LEVEL = "-Onone";
			};
			name = Debug;
		};
		845DEB671D3D638000B62AD8 /* Release */ = {
			isa = XCBuildConfiguration;
			buildSettings = {
				ALWAYS_SEARCH_USER_PATHS = NO;
				CLANG_ANALYZER_NONNULL = YES;
				CLANG_CXX_LANGUAGE_STANDARD = "gnu++0x";
				CLANG_CXX_LIBRARY = "libc++";
				CLANG_ENABLE_MODULES = YES;
				CLANG_ENABLE_OBJC_ARC = YES;
				CLANG_WARN_BOOL_CONVERSION = YES;
				CLANG_WARN_CONSTANT_CONVERSION = YES;
				CLANG_WARN_DIRECT_OBJC_ISA_USAGE = YES_ERROR;
				CLANG_WARN_EMPTY_BODY = YES;
				CLANG_WARN_ENUM_CONVERSION = YES;
				CLANG_WARN_INT_CONVERSION = YES;
				CLANG_WARN_OBJC_ROOT_CLASS = YES_ERROR;
				CLANG_WARN_UNREACHABLE_CODE = YES;
				CLANG_WARN__DUPLICATE_METHOD_MATCH = YES;
				"CODE_SIGN_IDENTITY[sdk=iphoneos*]" = "iPhone Developer";
				COPY_PHASE_STRIP = NO;
				DEBUG_INFORMATION_FORMAT = "dwarf-with-dsym";
				ENABLE_NS_ASSERTIONS = NO;
				ENABLE_STRICT_OBJC_MSGSEND = YES;
				GCC_C_LANGUAGE_STANDARD = gnu99;
				GCC_NO_COMMON_BLOCKS = YES;
				GCC_WARN_64_TO_32_BIT_CONVERSION = YES;
				GCC_WARN_ABOUT_RETURN_TYPE = YES_ERROR;
				GCC_WARN_UNDECLARED_SELECTOR = YES;
				GCC_WARN_UNINITIALIZED_AUTOS = YES_AGGRESSIVE;
				GCC_WARN_UNUSED_FUNCTION = YES;
				GCC_WARN_UNUSED_VARIABLE = YES;
				IPHONEOS_DEPLOYMENT_TARGET = 9.3;
				MTL_ENABLE_DEBUG_INFO = NO;
				SDKROOT = iphoneos;
				VALIDATE_PRODUCT = YES;
			};
			name = Release;
		};
		845DEB691D3D638000B62AD8 /* Debug */ = {
			isa = XCBuildConfiguration;
			buildSettings = {
				ASSETCATALOG_COMPILER_APPICON_NAME = AppIcon;
				INFOPLIST_FILE = GitExample/Info.plist;
				LD_RUNPATH_SEARCH_PATHS = "$(inherited) @executable_path/Frameworks";
				PRODUCT_BUNDLE_IDENTIFIER = com.rhymecombinator.GitExample;
				PRODUCT_NAME = "$(TARGET_NAME)";
			};
			name = Debug;
		};
		845DEB6A1D3D638000B62AD8 /* Release */ = {
			isa = XCBuildConfiguration;
			buildSettings = {
				ASSETCATALOG_COMPILER_APPICON_NAME = AppIcon;
				INFOPLIST_FILE = GitExample/Info.plist;
				LD_RUNPATH_SEARCH_PATHS = "$(inherited) @executable_path/Frameworks";
				PRODUCT_BUNDLE_IDENTIFIER = com.rhymecombinator.GitExample;
				PRODUCT_NAME = "$(TARGET_NAME)";
			};
			name = Release;
		};
		845DEB6C1D3D638000B62AD8 /* Debug */ = {
			isa = XCBuildConfiguration;
			buildSettings = {
				BUNDLE_LOADER = "$(TEST_HOST)";
				INFOPLIST_FILE = GitExampleTests/Info.plist;
				LD_RUNPATH_SEARCH_PATHS = "$(inherited) @executable_path/Frameworks @loader_path/Frameworks";
				PRODUCT_BUNDLE_IDENTIFIER = com.rhymecombinator.GitExampleTests;
				PRODUCT_NAME = "$(TARGET_NAME)";
				TEST_HOST = "$(BUILT_PRODUCTS_DIR)/GitExample.app/GitExample";
			};
			name = Debug;
		};
		845DEB6D1D3D638000B62AD8 /* Release */ = {
			isa = XCBuildConfiguration;
			buildSettings = {
				BUNDLE_LOADER = "$(TEST_HOST)";
				INFOPLIST_FILE = GitExampleTests/Info.plist;
				LD_RUNPATH_SEARCH_PATHS = "$(inherited) @executable_path/Frameworks @loader_path/Frameworks";
				PRODUCT_BUNDLE_IDENTIFIER = com.rhymecombinator.GitExampleTests;
				PRODUCT_NAME = "$(TARGET_NAME)";
				TEST_HOST = "$(BUILT_PRODUCTS_DIR)/GitExample.app/GitExample";
			};
			name = Release;
		};
		845DEB6F1D3D638000B62AD8 /* Debug */ = {
			isa = XCBuildConfiguration;
			buildSettings = {
				INFOPLIST_FILE = GitExampleUITests/Info.plist;
				LD_RUNPATH_SEARCH_PATHS = "$(inherited) @executable_path/Frameworks @loader_path/Frameworks";
				PRODUCT_BUNDLE_IDENTIFIER = com.rhymecombinator.GitExampleUITests;
				PRODUCT_NAME = "$(TARGET_NAME)";
				TEST_TARGET_NAME = GitExample;
			};
			name = Debug;
		};
		845DEB701D3D638000B62AD8 /* Release */ = {
			isa = XCBuildConfiguration;
			buildSettings = {
				INFOPLIST_FILE = GitExampleUITests/Info.plist;
				LD_RUNPATH_SEARCH_PATHS = "$(inherited) @executable_path/Frameworks @loader_path/Frameworks";
				PRODUCT_BUNDLE_IDENTIFIER = com.rhymecombinator.GitExampleUITests;
				PRODUCT_NAME = "$(TARGET_NAME)";
				TEST_TARGET_NAME = GitExample;
			};
			name = Release;
		};
/* End XCBuildConfiguration section */

/* Begin XCConfigurationList section */
		845DEB3B1D3D637F00B62AD8 /* Build configuration list for PBXProject "GitExample" */ = {
			isa = XCConfigurationList;
			buildConfigurations = (
				845DEB661D3D638000B62AD8 /* Debug */,
				845DEB671D3D638000B62AD8 /* Release */,
			);
			defaultConfigurationIsVisible = 0;
			defaultConfigurationName = Release;
		};
		845DEB681D3D638000B62AD8 /* Build configuration list for PBXNativeTarget "GitExample" */ = {
			isa = XCConfigurationList;
			buildConfigurations = (
				845DEB691D3D638000B62AD8 /* Debug */,
				845DEB6A1D3D638000B62AD8 /* Release */,
			);
			defaultConfigurationIsVisible = 0;
		};
		845DEB6B1D3D638000B62AD8 /* Build configuration list for PBXNativeTarget "GitExampleTests" */ = {
			isa = XCConfigurationList;
			buildConfigurations = (
				845DEB6C1D3D638000B62AD8 /* Debug */,
				845DEB6D1D3D638000B62AD8 /* Release */,
			);
			defaultConfigurationIsVisible = 0;
		};
		845DEB6E1D3D638000B62AD8 /* Build configuration list for PBXNativeTarget "GitExampleUITests" */ = {
			isa = XCConfigurationList;
			buildConfigurations = (
				845DEB6F1D3D638000B62AD8 /* Debug */,
				845DEB701D3D638000B62AD8 /* Release */,
			);
			defaultConfigurationIsVisible = 0;
		};
/* End XCConfigurationList section */
	};
	rootObject = 845DEB381D3D637F00B62AD8 /* Project object */;
}
